
Microsoft Visual Studio Solution File, Format Version 12.00
# Visual Studio Version 17
VisualStudioVersion = 17.4.33403.182
MinimumVisualStudioVersion = 10.0.40219.1
Project("{9A19103F-16F7-4668-BE54-9A1E7A4F7556}") = "PostgresClientBenchmarks", "PostgresClientBenchmarks\PostgresClientBenchmarks.csproj", "{D7C5AD49-67DE-4B36-8CEA-7376C2A57D49}"
EndProject
Global
	GlobalSection(SolutionConfigurationPlatforms) = preSolution
		Debug|Any CPU = Debug|Any CPU
		Release|Any CPU = Release|Any CPU
	EndGlobalSection
	GlobalSection(ProjectConfigurationPlatforms) = postSolution
		{D7C5AD49-67DE-4B36-8CEA-7376C2A57D49}.Debug|Any CPU.ActiveCfg = Debug|Any CPU
		{D7C5AD49-67DE-4B36-8CEA-7376C2A57D49}.Debug|Any CPU.Build.0 = Debug|Any CPU
		{D7C5AD49-67DE-4B36-8CEA-7376C2A57D49}.Release|Any CPU.ActiveCfg = Release|Any CPU
		{D7C5AD49-67DE-4B36-8CEA-7376C2A57D49}.Release|Any CPU.Build.0 = Release|Any CPU
	EndGlobalSection
	GlobalSection(SolutionProperties) = preSolution
		HideSolutionNode = FALSE
	EndGlobalSection
	GlobalSection(ExtensibilityGlobals) = postSolution
		SolutionGuid = {CADA5F9B-583E-45F1-81B7-52CA91C7925A}
	EndGlobalSection
EndGlobal
